
Microsoft Visual Studio Solution File, Format Version 12.00
# Visual Studio Version 17
VisualStudioVersion = 17.0.31903.59
MinimumVisualStudioVersion = 10.0.40219.1
Project("{FAE04EC0-301F-11D3-BF4B-00C04F79EFBC}") = "AmazonCrawler.RatingAndReview", "AmazonCrawler.RatingAndReview\AmazonCrawler.RatingAndReview.csproj", "{1CCB1DCF-75D9-42CB-82AB-2F5006BE171A}"
EndProject
Project("{9A19103F-16F7-4668-BE54-9A1E7A4F7556}") = "AmazonCrawler.Common", "AmazonCrawler.Common\AmazonCrawler.Common.csproj", "{4997193C-566A-4FA6-9353-845618910087}"
EndProject
Global
	GlobalSection(SolutionConfigurationPlatforms) = preSolution
		Debug|Any CPU = Debug|Any CPU
		Release|Any CPU = Release|Any CPU
	EndGlobalSection
	GlobalSection(ProjectConfigurationPlatforms) = postSolution
		{1CCB1DCF-75D9-42CB-82AB-2F5006BE171A}.Debug|Any CPU.ActiveCfg = Debug|Any CPU
		{1CCB1DCF-75D9-42CB-82AB-2F5006BE171A}.Debug|Any CPU.Build.0 = Debug|Any CPU
		{1CCB1DCF-75D9-42CB-82AB-2F5006BE171A}.Release|Any CPU.ActiveCfg = Release|Any CPU
		{1CCB1DCF-75D9-42CB-82AB-2F5006BE171A}.Release|Any CPU.Build.0 = Release|Any CPU
		{4997193C-566A-4FA6-9353-845618910087}.Debug|Any CPU.ActiveCfg = Debug|Any CPU
		{4997193C-566A-4FA6-9353-845618910087}.Debug|Any CPU.Build.0 = Debug|Any CPU
		{4997193C-566A-4FA6-9353-845618910087}.Release|Any CPU.ActiveCfg = Release|Any CPU
		{4997193C-566A-4FA6-9353-845618910087}.Release|Any CPU.Build.0 = Release|Any CPU
	EndGlobalSection
	GlobalSection(SolutionProperties) = preSolution
		HideSolutionNode = FALSE
	EndGlobalSection
	GlobalSection(ExtensibilityGlobals) = postSolution
		SolutionGuid = {27237D7C-5360-43FB-8320-AF8007D0F276}
	EndGlobalSection
EndGlobal
